// !$*UTF8*$!
{
	archiveVersion = 1;
	classes = {
	};
	objectVersion = 55;
	objects = {

/* Begin PBXBuildFile section */
		D612D7342807CD4700860F8E /* AppDelegate.swift in Sources */ = {isa = PBXBuildFile; fileRef = D612D7332807CD4700860F8E /* AppDelegate.swift */; };
		D612D7362807CD4700860F8E /* SceneDelegate.swift in Sources */ = {isa = PBXBuildFile; fileRef = D612D7352807CD4700860F8E /* SceneDelegate.swift */; };
		D612D7382807CD4700860F8E /* ViewController.swift in Sources */ = {isa = PBXBuildFile; fileRef = D612D7372807CD4700860F8E /* ViewController.swift */; };
		D612D73B2807CD4700860F8E /* Main.storyboard in Resources */ = {isa = PBXBuildFile; fileRef = D612D7392807CD4700860F8E /* Main.storyboard */; };
		D612D73D2807CD4900860F8E /* Assets.xcassets in Resources */ = {isa = PBXBuildFile; fileRef = D612D73C2807CD4900860F8E /* Assets.xcassets */; };
		D612D7402807CD4900860F8E /* LaunchScreen.storyboard in Resources */ = {isa = PBXBuildFile; fileRef = D612D73E2807CD4900860F8E /* LaunchScreen.storyboard */; };
		D612D74B2807CD4A00860F8E /* prototype_loginPageTests.swift in Sources */ = {isa = PBXBuildFile; fileRef = D612D74A2807CD4A00860F8E /* prototype_loginPageTests.swift */; };
		D612D7552807CD4A00860F8E /* prototype_loginPageUITests.swift in Sources */ = {isa = PBXBuildFile; fileRef = D612D7542807CD4A00860F8E /* prototype_loginPageUITests.swift */; };
		D612D7572807CD4A00860F8E /* prototype_loginPageUITestsLaunchTests.swift in Sources */ = {isa = PBXBuildFile; fileRef = D612D7562807CD4A00860F8E /* prototype_loginPageUITestsLaunchTests.swift */; };
/* End PBXBuildFile section */

/* Begin PBXContainerItemProxy section */
		D612D7472807CD4A00860F8E /* PBXContainerItemProxy */ = {
			isa = PBXContainerItemProxy;
			containerPortal = D612D7282807CD4700860F8E /* Project object */;
			proxyType = 1;
			remoteGlobalIDString = D612D72F2807CD4700860F8E;
			remoteInfo = "prototype-loginPage";
		};
		D612D7512807CD4A00860F8E /* PBXContainerItemProxy */ = {
			isa = PBXContainerItemProxy;
			containerPortal = D612D7282807CD4700860F8E /* Project object */;
			proxyType = 1;
			remoteGlobalIDString = D612D72F2807CD4700860F8E;
			remoteInfo = "prototype-loginPage";
		};
/* End PBXContainerItemProxy section */

/* Begin PBXFileReference section */
		D612D7302807CD4700860F8E /* prototype-loginPage.app */ = {isa = PBXFileReference; explicitFileType = wrapper.application; includeInIndex = 0; path = "prototype-loginPage.app"; sourceTree = BUILT_PRODUCTS_DIR; };
		D612D7332807CD4700860F8E /* AppDelegate.swift */ = {isa = PBXFileReference; lastKnownFileType = sourcecode.swift; path = AppDelegate.swift; sourceTree = "<group>"; };
		D612D7352807CD4700860F8E /* SceneDelegate.swift */ = {isa = PBXFileReference; lastKnownFileType = sourcecode.swift; path = SceneDelegate.swift; sourceTree = "<group>"; };
		D612D7372807CD4700860F8E /* ViewController.swift */ = {isa = PBXFileReference; lastKnownFileType = sourcecode.swift; path = ViewController.swift; sourceTree = "<group>"; };
		D612D73A2807CD4700860F8E /* Base */ = {isa = PBXFileReference; lastKnownFileType = file.storyboard; name = Base; path = Base.lproj/Main.storyboard; sourceTree = "<group>"; };
		D612D73C2807CD4900860F8E /* Assets.xcassets */ = {isa = PBXFileReference; lastKnownFileType = folder.assetcatalog; path = Assets.xcassets; sourceTree = "<group>"; };
		D612D73F2807CD4900860F8E /* Base */ = {isa = PBXFileReference; lastKnownFileType = file.storyboard; name = Base; path = Base.lproj/LaunchScreen.storyboard; sourceTree = "<group>"; };
		D612D7412807CD4900860F8E /* Info.plist */ = {isa = PBXFileReference; lastKnownFileType = text.plist.xml; path = Info.plist; sourceTree = "<group>"; };
		D612D7462807CD4A00860F8E /* prototype-loginPageTests.xctest */ = {isa = PBXFileReference; explicitFileType = wrapper.cfbundle; includeInIndex = 0; path = "prototype-loginPageTests.xctest"; sourceTree = BUILT_PRODUCTS_DIR; };
		D612D74A2807CD4A00860F8E /* prototype_loginPageTests.swift */ = {isa = PBXFileReference; lastKnownFileType = sourcecode.swift; path = prototype_loginPageTests.swift; sourceTree = "<group>"; };
		D612D7502807CD4A00860F8E /* prototype-loginPageUITests.xctest */ = {isa = PBXFileReference; explicitFileType = wrapper.cfbundle; includeInIndex = 0; path = "prototype-loginPageUITests.xctest"; sourceTree = BUILT_PRODUCTS_DIR; };
		D612D7542807CD4A00860F8E /* prototype_loginPageUITests.swift */ = {isa = PBXFileReference; lastKnownFileType = sourcecode.swift; path = prototype_loginPageUITests.swift; sourceTree = "<group>"; };
		D612D7562807CD4A00860F8E /* prototype_loginPageUITestsLaunchTests.swift */ = {isa = PBXFileReference; lastKnownFileType = sourcecode.swift; path = prototype_loginPageUITestsLaunchTests.swift; sourceTree = "<group>"; };
/* End PBXFileReference section */

/* Begin PBXFrameworksBuildPhase section */
		D612D72D2807CD4700860F8E /* Frameworks */ = {
			isa = PBXFrameworksBuildPhase;
			buildActionMask = 2147483647;
			files = (
			);
			runOnlyForDeploymentPostprocessing = 0;
		};
		D612D7432807CD4A00860F8E /* Frameworks */ = {
			isa = PBXFrameworksBuildPhase;
			buildActionMask = 2147483647;
			files = (
			);
			runOnlyForDeploymentPostprocessing = 0;
		};
		D612D74D2807CD4A00860F8E /* Frameworks */ = {
			isa = PBXFrameworksBuildPhase;
			buildActionMask = 2147483647;
			files = (
			);
			runOnlyForDeploymentPostprocessing = 0;
		};
/* End PBXFrameworksBuildPhase section */

/* Begin PBXGroup section */
		D612D7272807CD4700860F8E = {
			isa = PBXGroup;
			children = (
				D612D7322807CD4700860F8E /* prototype-loginPage */,
				D612D7492807CD4A00860F8E /* prototype-loginPageTests */,
				D612D7532807CD4A00860F8E /* prototype-loginPageUITests */,
				D612D7312807CD4700860F8E /* Products */,
			);
			sourceTree = "<group>";
		};
		D612D7312807CD4700860F8E /* Products */ = {
			isa = PBXGroup;
			children = (
				D612D7302807CD4700860F8E /* prototype-loginPage.app */,
				D612D7462807CD4A00860F8E /* prototype-loginPageTests.xctest */,
				D612D7502807CD4A00860F8E /* prototype-loginPageUITests.xctest */,
			);
			name = Products;
			sourceTree = "<group>";
		};
		D612D7322807CD4700860F8E /* prototype-loginPage */ = {
			isa = PBXGroup;
			children = (
				D612D7332807CD4700860F8E /* AppDelegate.swift */,
				D612D7352807CD4700860F8E /* SceneDelegate.swift */,
				D612D7372807CD4700860F8E /* ViewController.swift */,
				D612D7392807CD4700860F8E /* Main.storyboard */,
				D612D73C2807CD4900860F8E /* Assets.xcassets */,
				D612D73E2807CD4900860F8E /* LaunchScreen.storyboard */,
				D612D7412807CD4900860F8E /* Info.plist */,
			);
			path = "prototype-loginPage";
			sourceTree = "<group>";
		};
		D612D7492807CD4A00860F8E /* prototype-loginPageTests */ = {
			isa = PBXGroup;
			children = (
				D612D74A2807CD4A00860F8E /* prototype_loginPageTests.swift */,
			);
			path = "prototype-loginPageTests";
			sourceTree = "<group>";
		};
		D612D7532807CD4A00860F8E /* prototype-loginPageUITests */ = {
			isa = PBXGroup;
			children = (
				D612D7542807CD4A00860F8E /* prototype_loginPageUITests.swift */,
				D612D7562807CD4A00860F8E /* prototype_loginPageUITestsLaunchTests.swift */,
			);
			path = "prototype-loginPageUITests";
			sourceTree = "<group>";
		};
/* End PBXGroup section */

/* Begin PBXNativeTarget section */
		D612D72F2807CD4700860F8E /* prototype-loginPage */ = {
			isa = PBXNativeTarget;
			buildConfigurationList = D612D75A2807CD4A00860F8E /* Build configuration list for PBXNativeTarget "prototype-loginPage" */;
			buildPhases = (
				D612D72C2807CD4700860F8E /* Sources */,
				D612D72D2807CD4700860F8E /* Frameworks */,
				D612D72E2807CD4700860F8E /* Resources */,
			);
			buildRules = (
			);
			dependencies = (
			);
			name = "prototype-loginPage";
			productName = "prototype-loginPage";
			productReference = D612D7302807CD4700860F8E /* prototype-loginPage.app */;
			productType = "com.apple.product-type.application";
		};
		D612D7452807CD4A00860F8E /* prototype-loginPageTests */ = {
			isa = PBXNativeTarget;
			buildConfigurationList = D612D75D2807CD4A00860F8E /* Build configuration list for PBXNativeTarget "prototype-loginPageTests" */;
			buildPhases = (
				D612D7422807CD4A00860F8E /* Sources */,
				D612D7432807CD4A00860F8E /* Frameworks */,
				D612D7442807CD4A00860F8E /* Resources */,
			);
			buildRules = (
			);
			dependencies = (
				D612D7482807CD4A00860F8E /* PBXTargetDependency */,
			);
			name = "prototype-loginPageTests";
			productName = "prototype-loginPageTests";
			productReference = D612D7462807CD4A00860F8E /* prototype-loginPageTests.xctest */;
			productType = "com.apple.product-type.bundle.unit-test";
		};
		D612D74F2807CD4A00860F8E /* prototype-loginPageUITests */ = {
			isa = PBXNativeTarget;
			buildConfigurationList = D612D7602807CD4A00860F8E /* Build configuration list for PBXNativeTarget "prototype-loginPageUITests" */;
			buildPhases = (
				D612D74C2807CD4A00860F8E /* Sources */,
				D612D74D2807CD4A00860F8E /* Frameworks */,
				D612D74E2807CD4A00860F8E /* Resources */,
			);
			buildRules = (
			);
			dependencies = (
				D612D7522807CD4A00860F8E /* PBXTargetDependency */,
			);
			name = "prototype-loginPageUITests";
			productName = "prototype-loginPageUITests";
			productReference = D612D7502807CD4A00860F8E /* prototype-loginPageUITests.xctest */;
			productType = "com.apple.product-type.bundle.ui-testing";
		};
/* End PBXNativeTarget section */

/* Begin PBXProject section */
		D612D7282807CD4700860F8E /* Project object */ = {
			isa = PBXProject;
			attributes = {
				BuildIndependentTargetsInParallel = 1;
				LastSwiftUpdateCheck = 1320;
				LastUpgradeCheck = 1320;
				TargetAttributes = {
					D612D72F2807CD4700860F8E = {
						CreatedOnToolsVersion = 13.2.1;
					};
					D612D7452807CD4A00860F8E = {
						CreatedOnToolsVersion = 13.2.1;
						TestTargetID = D612D72F2807CD4700860F8E;
					};
					D612D74F2807CD4A00860F8E = {
						CreatedOnToolsVersion = 13.2.1;
						TestTargetID = D612D72F2807CD4700860F8E;
					};
				};
			};
			buildConfigurationList = D612D72B2807CD4700860F8E /* Build configuration list for PBXProject "prototype-loginPage" */;
			compatibilityVersion = "Xcode 13.0";
			developmentRegion = en;
			hasScannedForEncodings = 0;
			knownRegions = (
				en,
				Base,
			);
			mainGroup = D612D7272807CD4700860F8E;
			productRefGroup = D612D7312807CD4700860F8E /* Products */;
			projectDirPath = "";
			projectRoot = "";
			targets = (
				D612D72F2807CD4700860F8E /* prototype-loginPage */,
				D612D7452807CD4A00860F8E /* prototype-loginPageTests */,
				D612D74F2807CD4A00860F8E /* prototype-loginPageUITests */,
			);
		};
/* End PBXProject section */

/* Begin PBXResourcesBuildPhase section */
		D612D72E2807CD4700860F8E /* Resources */ = {
			isa = PBXResourcesBuildPhase;
			buildActionMask = 2147483647;
			files = (
				D612D7402807CD4900860F8E /* LaunchScreen.storyboard in Resources */,
				D612D73D2807CD4900860F8E /* Assets.xcassets in Resources */,
				D612D73B2807CD4700860F8E /* Main.storyboard in Resources */,
			);
			runOnlyForDeploymentPostprocessing = 0;
		};
		D612D7442807CD4A00860F8E /* Resources */ = {
			isa = PBXResourcesBuildPhase;
			buildActionMask = 2147483647;
			files = (
			);
			runOnlyForDeploymentPostprocessing = 0;
		};
		D612D74E2807CD4A00860F8E /* Resources */ = {
			isa = PBXResourcesBuildPhase;
			buildActionMask = 2147483647;
			files = (
			);
			runOnlyForDeploymentPostprocessing = 0;
		};
/* End PBXResourcesBuildPhase section */

/* Begin PBXSourcesBuildPhase section */
		D612D72C2807CD4700860F8E /* Sources */ = {
			isa = PBXSourcesBuildPhase;
			buildActionMask = 2147483647;
			files = (
				D612D7382807CD4700860F8E /* ViewController.swift in Sources */,
				D612D7342807CD4700860F8E /* AppDelegate.swift in Sources */,
				D612D7362807CD4700860F8E /* SceneDelegate.swift in Sources */,
			);
			runOnlyForDeploymentPostprocessing = 0;
		};
		D612D7422807CD4A00860F8E /* Sources */ = {
			isa = PBXSourcesBuildPhase;
			buildActionMask = 2147483647;
			files = (
				D612D74B2807CD4A00860F8E /* prototype_loginPageTests.swift in Sources */,
			);
			runOnlyForDeploymentPostprocessing = 0;
		};
		D612D74C2807CD4A00860F8E /* Sources */ = {
			isa = PBXSourcesBuildPhase;
			buildActionMask = 2147483647;
			files = (
				D612D7572807CD4A00860F8E /* prototype_loginPageUITestsLaunchTests.swift in Sources */,
				D612D7552807CD4A00860F8E /* prototype_loginPageUITests.swift in Sources */,
			);
			runOnlyForDeploymentPostprocessing = 0;
		};
/* End PBXSourcesBuildPhase section */

/* Begin PBXTargetDependency section */
		D612D7482807CD4A00860F8E /* PBXTargetDependency */ = {
			isa = PBXTargetDependency;
			target = D612D72F2807CD4700860F8E /* prototype-loginPage */;
			targetProxy = D612D7472807CD4A00860F8E /* PBXContainerItemProxy */;
		};
		D612D7522807CD4A00860F8E /* PBXTargetDependency */ = {
			isa = PBXTargetDependency;
			target = D612D72F2807CD4700860F8E /* prototype-loginPage */;
			targetProxy = D612D7512807CD4A00860F8E /* PBXContainerItemProxy */;
		};
/* End PBXTargetDependency section */

/* Begin PBXVariantGroup section */
		D612D7392807CD4700860F8E /* Main.storyboard */ = {
			isa = PBXVariantGroup;
			children = (
				D612D73A2807CD4700860F8E /* Base */,
			);
			name = Main.storyboard;
			sourceTree = "<group>";
		};
		D612D73E2807CD4900860F8E /* LaunchScreen.storyboard */ = {
			isa = PBXVariantGroup;
			children = (
				D612D73F2807CD4900860F8E /* Base */,
			);
			name = LaunchScreen.storyboard;
			sourceTree = "<group>";
		};
/* End PBXVariantGroup section */

/* Begin XCBuildConfiguration section */
		D612D7582807CD4A00860F8E /* Debug */ = {
			isa = XCBuildConfiguration;
			buildSettings = {
				ALWAYS_SEARCH_USER_PATHS = NO;
				CLANG_ANALYZER_NONNULL = YES;
				CLANG_ANALYZER_NUMBER_OBJECT_CONVERSION = YES_AGGRESSIVE;
				CLANG_CXX_LANGUAGE_STANDARD = "gnu++17";
				CLANG_CXX_LIBRARY = "libc++";
				CLANG_ENABLE_MODULES = YES;
				CLANG_ENABLE_OBJC_ARC = YES;
				CLANG_ENABLE_OBJC_WEAK = YES;
				CLANG_WARN_BLOCK_CAPTURE_AUTORELEASING = YES;
				CLANG_WARN_BOOL_CONVERSION = YES;
				CLANG_WARN_COMMA = YES;
				CLANG_WARN_CONSTANT_CONVERSION = YES;
				CLANG_WARN_DEPRECATED_OBJC_IMPLEMENTATIONS = YES;
				CLANG_WARN_DIRECT_OBJC_ISA_USAGE = YES_ERROR;
				CLANG_WARN_DOCUMENTATION_COMMENTS = YES;
				CLANG_WARN_EMPTY_BODY = YES;
				CLANG_WARN_ENUM_CONVERSION = YES;
				CLANG_WARN_INFINITE_RECURSION = YES;
				CLANG_WARN_INT_CONVERSION = YES;
				CLANG_WARN_NON_LITERAL_NULL_CONVERSION = YES;
				CLANG_WARN_OBJC_IMPLICIT_RETAIN_SELF = YES;
				CLANG_WARN_OBJC_LITERAL_CONVERSION = YES;
				CLANG_WARN_OBJC_ROOT_CLASS = YES_ERROR;
				CLANG_WARN_QUOTED_INCLUDE_IN_FRAMEWORK_HEADER = YES;
				CLANG_WARN_RANGE_LOOP_ANALYSIS = YES;
				CLANG_WARN_STRICT_PROTOTYPES = YES;
				CLANG_WARN_SUSPICIOUS_MOVE = YES;
				CLANG_WARN_UNGUARDED_AVAILABILITY = YES_AGGRESSIVE;
				CLANG_WARN_UNREACHABLE_CODE = YES;
				CLANG_WARN__DUPLICATE_METHOD_MATCH = YES;
				COPY_PHASE_STRIP = NO;
				DEBUG_INFORMATION_FORMAT = dwarf;
				ENABLE_STRICT_OBJC_MSGSEND = YES;
				ENABLE_TESTABILITY = YES;
				GCC_C_LANGUAGE_STANDARD = gnu11;
				GCC_DYNAMIC_NO_PIC = NO;
				GCC_NO_COMMON_BLOCKS = YES;
				GCC_OPTIMIZATION_LEVEL = 0;
				GCC_PREPROCESSOR_DEFINITIONS = (
					"DEBUG=1",
					"$(inherited)",
				);
				GCC_WARN_64_TO_32_BIT_CONVERSION = YES;
				GCC_WARN_ABOUT_RETURN_TYPE = YES_ERROR;
				GCC_WARN_UNDECLARED_SELECTOR = YES;
				GCC_WARN_UNINITIALIZED_AUTOS = YES_AGGRESSIVE;
				GCC_WARN_UNUSED_FUNCTION = YES;
				GCC_WARN_UNUSED_VARIABLE = YES;
				IPHONEOS_DEPLOYMENT_TARGET = 15.2;
				MTL_ENABLE_DEBUG_INFO = INCLUDE_SOURCE;
				MTL_FAST_MATH = YES;
				ONLY_ACTIVE_ARCH = YES;
				SDKROOT = iphoneos;
				SWIFT_ACTIVE_COMPILATION_CONDITIONS = DEBUG;
				SWIFT_OPTIMIZATION_LEVEL = "-Onone";
			};
			name = Debug;
		};
		D612D7592807CD4A00860F8E /* Release */ = {
			isa = XCBuildConfiguration;
			buildSettings = {
				ALWAYS_SEARCH_USER_PATHS = NO;
				CLANG_ANALYZER_NONNULL = YES;
				CLANG_ANALYZER_NUMBER_OBJECT_CONVERSION = YES_AGGRESSIVE;
				CLANG_CXX_LANGUAGE_STANDARD = "gnu++17";
				CLANG_CXX_LIBRARY = "libc++";
				CLANG_ENABLE_MODULES = YES;
				CLANG_ENABLE_OBJC_ARC = YES;
				CLANG_ENABLE_OBJC_WEAK = YES;
				CLANG_WARN_BLOCK_CAPTURE_AUTORELEASING = YES;
				CLANG_WARN_BOOL_CONVERSION = YES;
				CLANG_WARN_COMMA = YES;
				CLANG_WARN_CONSTANT_CONVERSION = YES;
				CLANG_WARN_DEPRECATED_OBJC_IMPLEMENTATIONS = YES;
				CLANG_WARN_DIRECT_OBJC_ISA_USAGE = YES_ERROR;
				CLANG_WARN_DOCUMENTATION_COMMENTS = YES;
				CLANG_WARN_EMPTY_BODY = YES;
				CLANG_WARN_ENUM_CONVERSION = YES;
				CLANG_WARN_INFINITE_RECURSION = YES;
				CLANG_WARN_INT_CONVERSION = YES;
				CLANG_WARN_NON_LITERAL_NULL_CONVERSION = YES;
				CLANG_WARN_OBJC_IMPLICIT_RETAIN_SELF = YES;
				CLANG_WARN_OBJC_LITERAL_CONVERSION = YES;
				CLANG_WARN_OBJC_ROOT_CLASS = YES_ERROR;
				CLANG_WARN_QUOTED_INCLUDE_IN_FRAMEWORK_HEADER = YES;
				CLANG_WARN_RANGE_LOOP_ANALYSIS = YES;
				CLANG_WARN_STRICT_PROTOTYPES = YES;
				CLANG_WARN_SUSPICIOUS_MOVE = YES;
				CLANG_WARN_UNGUARDED_AVAILABILITY = YES_AGGRESSIVE;
				CLANG_WARN_UNREACHABLE_CODE = YES;
				CLANG_WARN__DUPLICATE_METHOD_MATCH = YES;
				COPY_PHASE_STRIP = NO;
				DEBUG_INFORMATION_FORMAT = "dwarf-with-dsym";
				ENABLE_NS_ASSERTIONS = NO;
				ENABLE_STRICT_OBJC_MSGSEND = YES;
				GCC_C_LANGUAGE_STANDARD = gnu11;
				GCC_NO_COMMON_BLOCKS = YES;
				GCC_WARN_64_TO_32_BIT_CONVERSION = YES;
				GCC_WARN_ABOUT_RETURN_TYPE = YES_ERROR;
				GCC_WARN_UNDECLARED_SELECTOR = YES;
				GCC_WARN_UNINITIALIZED_AUTOS = YES_AGGRESSIVE;
				GCC_WARN_UNUSED_FUNCTION = YES;
				GCC_WARN_UNUSED_VARIABLE = YES;
				IPHONEOS_DEPLOYMENT_TARGET = 15.2;
				MTL_ENABLE_DEBUG_INFO = NO;
				MTL_FAST_MATH = YES;
				SDKROOT = iphoneos;
				SWIFT_COMPILATION_MODE = wholemodule;
				SWIFT_OPTIMIZATION_LEVEL = "-O";
				VALIDATE_PRODUCT = YES;
			};
			name = Release;
		};
		D612D75B2807CD4A00860F8E /* Debug */ = {
			isa = XCBuildConfiguration;
			buildSettings = {
				ASSETCATALOG_COMPILER_APPICON_NAME = AppIcon;
				ASSETCATALOG_COMPILER_GLOBAL_ACCENT_COLOR_NAME = AccentColor;
				CODE_SIGN_STYLE = Automatic;
				CURRENT_PROJECT_VERSION = 1;
				DEVELOPMENT_TEAM = L44747FRSG;
				GENERATE_INFOPLIST_FILE = YES;
				INFOPLIST_FILE = "prototype-loginPage/Info.plist";
				INFOPLIST_KEY_UIApplicationSupportsIndirectInputEvents = YES;
				INFOPLIST_KEY_UILaunchStoryboardName = LaunchScreen;
				INFOPLIST_KEY_UIMainStoryboardFile = Main;
				INFOPLIST_KEY_UISupportedInterfaceOrientations_iPad = "UIInterfaceOrientationPortrait UIInterfaceOrientationPortraitUpsideDown UIInterfaceOrientationLandscapeLeft UIInterfaceOrientationLandscapeRight";
				INFOPLIST_KEY_UISupportedInterfaceOrientations_iPhone = "UIInterfaceOrientationPortrait UIInterfaceOrientationLandscapeLeft UIInterfaceOrientationLandscapeRight";
				LD_RUNPATH_SEARCH_PATHS = (
					"$(inherited)",
					"@executable_path/Frameworks",
				);
				MARKETING_VERSION = 1.0;
				PRODUCT_BUNDLE_IDENTIFIER = "com.kadenB.prototype-loginPage";
				PRODUCT_NAME = "$(TARGET_NAME)";
				SWIFT_EMIT_LOC_STRINGS = YES;
				SWIFT_VERSION = 5.0;
				TARGETED_DEVICE_FAMILY = "1,2";
			};
			name = Debug;
		};
		D612D75C2807CD4A00860F8E /* Release */ = {
			isa = XCBuildConfiguration;
			buildSettings = {
				ASSETCATALOG_COMPILER_APPICON_NAME = AppIcon;
				ASSETCATALOG_COMPILER_GLOBAL_ACCENT_COLOR_NAME = AccentColor;
				CODE_SIGN_STYLE = Automatic;
				CURRENT_PROJECT_VERSION = 1;
				DEVELOPMENT_TEAM = L44747FRSG;
				GENERATE_INFOPLIST_FILE = YES;
				INFOPLIST_FILE = "prototype-loginPage/Info.plist";
				INFOPLIST_KEY_UIApplicationSupportsIndirectInputEvents = YES;
				INFOPLIST_KEY_UILaunchStoryboardName = LaunchScreen;
				INFOPLIST_KEY_UIMainStoryboardFile = Main;
				INFOPLIST_KEY_UISupportedInterfaceOrientations_iPad = "UIInterfaceOrientationPortrait UIInterfaceOrientationPortraitUpsideDown UIInterfaceOrientationLandscapeLeft UIInterfaceOrientationLandscapeRight";
				INFOPLIST_KEY_UISupportedInterfaceOrientations_iPhone = "UIInterfaceOrientationPortrait UIInterfaceOrientationLandscapeLeft UIInterfaceOrientationLandscapeRight";
				LD_RUNPATH_SEARCH_PATHS = (
					"$(inherited)",
					"@executable_path/Frameworks",
				);
				MARKETING_VERSION = 1.0;
				PRODUCT_BUNDLE_IDENTIFIER = "com.kadenB.prototype-loginPage";
				PRODUCT_NAME = "$(TARGET_NAME)";
				SWIFT_EMIT_LOC_STRINGS = YES;
				SWIFT_VERSION = 5.0;
				TARGETED_DEVICE_FAMILY = "1,2";
			};
			name = Release;
		};
		D612D75E2807CD4A00860F8E /* Debug */ = {
			isa = XCBuildConfiguration;
			buildSettings = {
				ALWAYS_EMBED_SWIFT_STANDARD_LIBRARIES = YES;
				BUNDLE_LOADER = "$(TEST_HOST)";
				CODE_SIGN_STYLE = Automatic;
				CURRENT_PROJECT_VERSION = 1;
				DEVELOPMENT_TEAM = L44747FRSG;
				GENERATE_INFOPLIST_FILE = YES;
				IPHONEOS_DEPLOYMENT_TARGET = 15.2;
				MARKETING_VERSION = 1.0;
				PRODUCT_BUNDLE_IDENTIFIER = "com.kadenB.prototype-loginPageTests";
				PRODUCT_NAME = "$(TARGET_NAME)";
				SWIFT_EMIT_LOC_STRINGS = NO;
				SWIFT_VERSION = 5.0;
				TARGETED_DEVICE_FAMILY = "1,2";
				TEST_HOST = "$(BUILT_PRODUCTS_DIR)/prototype-loginPage.app/prototype-loginPage";
			};
			name = Debug;
		};
		D612D75F2807CD4A00860F8E /* Release */ = {
			isa = XCBuildConfiguration;
			buildSettings = {
				ALWAYS_EMBED_SWIFT_STANDARD_LIBRARIES = YES;
				BUNDLE_LOADER = "$(TEST_HOST)";
				CODE_SIGN_STYLE = Automatic;
				CURRENT_PROJECT_VERSION = 1;
				DEVELOPMENT_TEAM = L44747FRSG;
				GENERATE_INFOPLIST_FILE = YES;
				IPHONEOS_DEPLOYMENT_TARGET = 15.2;
				MARKETING_VERSION = 1.0;
				PRODUCT_BUNDLE_IDENTIFIER = "com.kadenB.prototype-loginPageTests";
				PRODUCT_NAME = "$(TARGET_NAME)";
				SWIFT_EMIT_LOC_STRINGS = NO;
				SWIFT_VERSION = 5.0;
				TARGETED_DEVICE_FAMILY = "1,2";
				TEST_HOST = "$(BUILT_PRODUCTS_DIR)/prototype-loginPage.app/prototype-loginPage";
			};
			name = Release;
		};
		D612D7612807CD4A00860F8E /* Debug */ = {
			isa = XCBuildConfiguration;
			buildSettings = {
				ALWAYS_EMBED_SWIFT_STANDARD_LIBRARIES = YES;
				CODE_SIGN_STYLE = Automatic;
				CURRENT_PROJECT_VERSION = 1;
				DEVELOPMENT_TEAM = L44747FRSG;
				GENERATE_INFOPLIST_FILE = YES;
				MARKETING_VERSION = 1.0;
				PRODUCT_BUNDLE_IDENTIFIER = "com.kadenB.prototype-loginPageUITests";
				PRODUCT_NAME = "$(TARGET_NAME)";
				SWIFT_EMIT_LOC_STRINGS = NO;
				SWIFT_VERSION = 5.0;
				TARGETED_DEVICE_FAMILY = "1,2";
				TEST_TARGET_NAME = "prototype-loginPage";
			};
			name = Debug;
		};
		D612D7622807CD4A00860F8E /* Release */ = {
			isa = XCBuildConfiguration;
			buildSettings = {
				ALWAYS_EMBED_SWIFT_STANDARD_LIBRARIES = YES;
				CODE_SIGN_STYLE = Automatic;
				CURRENT_PROJECT_VERSION = 1;
				DEVELOPMENT_TEAM = L44747FRSG;
				GENERATE_INFOPLIST_FILE = YES;
				MARKETING_VERSION = 1.0;
				PRODUCT_BUNDLE_IDENTIFIER = "com.kadenB.prototype-loginPageUITests";
				PRODUCT_NAME = "$(TARGET_NAME)";
				SWIFT_EMIT_LOC_STRINGS = NO;
				SWIFT_VERSION = 5.0;
				TARGETED_DEVICE_FAMILY = "1,2";
				TEST_TARGET_NAME = "prototype-loginPage";
			};
			name = Release;
		};
/* End XCBuildConfiguration section */

/* Begin XCConfigurationList section */
		D612D72B2807CD4700860F8E /* Build configuration list for PBXProject "prototype-loginPage" */ = {
			isa = XCConfigurationList;
			buildConfigurations = (
				D612D7582807CD4A00860F8E /* Debug */,
				D612D7592807CD4A00860F8E /* Release */,
			);
			defaultConfigurationIsVisible = 0;
			defaultConfigurationName = Release;
		};
		D612D75A2807CD4A00860F8E /* Build configuration list for PBXNativeTarget "prototype-loginPage" */ = {
			isa = XCConfigurationList;
			buildConfigurations = (
				D612D75B2807CD4A00860F8E /* Debug */,
				D612D75C2807CD4A00860F8E /* Release */,
			);
			defaultConfigurationIsVisible = 0;
			defaultConfigurationName = Release;
		};
		D612D75D2807CD4A00860F8E /* Build configuration list for PBXNativeTarget "prototype-loginPageTests" */ = {
			isa = XCConfigurationList;
			buildConfigurations = (
				D612D75E2807CD4A00860F8E /* Debug */,
				D612D75F2807CD4A00860F8E /* Release */,
			);
			defaultConfigurationIsVisible = 0;
			defaultConfigurationName = Release;
		};
		D612D7602807CD4A00860F8E /* Build configuration list for PBXNativeTarget "prototype-loginPageUITests" */ = {
			isa = XCConfigurationList;
			buildConfigurations = (
				D612D7612807CD4A00860F8E /* Debug */,
				D612D7622807CD4A00860F8E /* Release */,
			);
			defaultConfigurationIsVisible = 0;
			defaultConfigurationName = Release;
		};
/* End XCConfigurationList section */
	};
	rootObject = D612D7282807CD4700860F8E /* Project object */;
}
