// !$*UTF8*$!
{
	archiveVersion = 1;
	classes = {
	};
	objectVersion = 55;
	objects = {

/* Begin PBXBuildFile section */
		D66BA42C281A151700FDB08D /* kadenDesk.sks in Resources */ = {isa = PBXBuildFile; fileRef = D66BA42B281A151600FDB08D /* kadenDesk.sks */; };
		D66BA42E281A152B00FDB08D /* kadenBed.sks in Resources */ = {isa = PBXBuildFile; fileRef = D66BA42D281A152B00FDB08D /* kadenBed.sks */; };
		D69BF08E2819A57C008F6633 /* gimmHallway.sks in Resources */ = {isa = PBXBuildFile; fileRef = D69BF08D2819A57C008F6633 /* gimmHallway.sks */; };
		D69BF0902819A742008F6633 /* starbucks.sks in Resources */ = {isa = PBXBuildFile; fileRef = D69BF08F2819A742008F6633 /* starbucks.sks */; };
		D69BF0922819A759008F6633 /* enterance_B.sks in Resources */ = {isa = PBXBuildFile; fileRef = D69BF0912819A759008F6633 /* enterance_B.sks */; };
		D69BF0942819A76E008F6633 /* directoryEnterance.sks in Resources */ = {isa = PBXBuildFile; fileRef = D69BF0932819A76E008F6633 /* directoryEnterance.sks */; };
		D69BF0962819A784008F6633 /* transportationSign.sks in Resources */ = {isa = PBXBuildFile; fileRef = D69BF0952819A784008F6633 /* transportationSign.sks */; };
		D69BF0982819A79A008F6633 /* informationSign.sks in Resources */ = {isa = PBXBuildFile; fileRef = D69BF0972819A79A008F6633 /* informationSign.sks */; };
		D69BF09A2819A9DC008F6633 /* chair.sks in Resources */ = {isa = PBXBuildFile; fileRef = D69BF0992819A9DC008F6633 /* chair.sks */; };
		D6AD16ED280E3D1800EBD76C /* AppDelegate.swift in Sources */ = {isa = PBXBuildFile; fileRef = D6AD16EC280E3D1800EBD76C /* AppDelegate.swift */; };
		D6AD16EF280E3D1800EBD76C /* art.scnassets in Resources */ = {isa = PBXBuildFile; fileRef = D6AD16EE280E3D1800EBD76C /* art.scnassets */; };
		D6AD16F1280E3D1800EBD76C /* ViewController.swift in Sources */ = {isa = PBXBuildFile; fileRef = D6AD16F0280E3D1800EBD76C /* ViewController.swift */; };
		D6AD16F4280E3D1800EBD76C /* Main.storyboard in Resources */ = {isa = PBXBuildFile; fileRef = D6AD16F2280E3D1800EBD76C /* Main.storyboard */; };
		D6AD16F6280E3D1900EBD76C /* Assets.xcassets in Resources */ = {isa = PBXBuildFile; fileRef = D6AD16F5280E3D1900EBD76C /* Assets.xcassets */; };
		D6AD16F9280E3D1900EBD76C /* LaunchScreen.storyboard in Resources */ = {isa = PBXBuildFile; fileRef = D6AD16F7280E3D1900EBD76C /* LaunchScreen.storyboard */; };
		D6AD1700280E3E1300EBD76C /* productInfo.sks in Resources */ = {isa = PBXBuildFile; fileRef = D6AD16FF280E3E1300EBD76C /* productInfo.sks */; };
/* End PBXBuildFile section */

/* Begin PBXFileReference section */
		D66BA42B281A151600FDB08D /* kadenDesk.sks */ = {isa = PBXFileReference; lastKnownFileType = file.sks; path = kadenDesk.sks; sourceTree = "<group>"; };
		D66BA42D281A152B00FDB08D /* kadenBed.sks */ = {isa = PBXFileReference; lastKnownFileType = file.sks; path = kadenBed.sks; sourceTree = "<group>"; };
		D69BF08D2819A57C008F6633 /* gimmHallway.sks */ = {isa = PBXFileReference; lastKnownFileType = file.sks; path = gimmHallway.sks; sourceTree = "<group>"; };
		D69BF08F2819A742008F6633 /* starbucks.sks */ = {isa = PBXFileReference; lastKnownFileType = file.sks; path = starbucks.sks; sourceTree = "<group>"; };
		D69BF0912819A759008F6633 /* enterance_B.sks */ = {isa = PBXFileReference; lastKnownFileType = file.sks; path = enterance_B.sks; sourceTree = "<group>"; };
		D69BF0932819A76E008F6633 /* directoryEnterance.sks */ = {isa = PBXFileReference; lastKnownFileType = file.sks; path = directoryEnterance.sks; sourceTree = "<group>"; };
		D69BF0952819A784008F6633 /* transportationSign.sks */ = {isa = PBXFileReference; lastKnownFileType = file.sks; path = transportationSign.sks; sourceTree = "<group>"; };
		D69BF0972819A79A008F6633 /* informationSign.sks */ = {isa = PBXFileReference; lastKnownFileType = file.sks; path = informationSign.sks; sourceTree = "<group>"; };
		D69BF0992819A9DC008F6633 /* chair.sks */ = {isa = PBXFileReference; lastKnownFileType = file.sks; path = chair.sks; sourceTree = "<group>"; };
		D6AD16E9280E3D1800EBD76C /* objectDetection.app */ = {isa = PBXFileReference; explicitFileType = wrapper.application; includeInIndex = 0; path = objectDetection.app; sourceTree = BUILT_PRODUCTS_DIR; };
		D6AD16EC280E3D1800EBD76C /* AppDelegate.swift */ = {isa = PBXFileReference; lastKnownFileType = sourcecode.swift; path = AppDelegate.swift; sourceTree = "<group>"; };
		D6AD16EE280E3D1800EBD76C /* art.scnassets */ = {isa = PBXFileReference; lastKnownFileType = wrapper.scnassets; path = art.scnassets; sourceTree = "<group>"; };
		D6AD16F0280E3D1800EBD76C /* ViewController.swift */ = {isa = PBXFileReference; lastKnownFileType = sourcecode.swift; path = ViewController.swift; sourceTree = "<group>"; };
		D6AD16F3280E3D1800EBD76C /* Base */ = {isa = PBXFileReference; lastKnownFileType = file.storyboard; name = Base; path = Base.lproj/Main.storyboard; sourceTree = "<group>"; };
		D6AD16F5280E3D1900EBD76C /* Assets.xcassets */ = {isa = PBXFileReference; lastKnownFileType = folder.assetcatalog; path = Assets.xcassets; sourceTree = "<group>"; };
		D6AD16F8280E3D1900EBD76C /* Base */ = {isa = PBXFileReference; lastKnownFileType = file.storyboard; name = Base; path = Base.lproj/LaunchScreen.storyboard; sourceTree = "<group>"; };
		D6AD16FF280E3E1300EBD76C /* productInfo.sks */ = {isa = PBXFileReference; lastKnownFileType = file.sks; path = productInfo.sks; sourceTree = "<group>"; };
/* End PBXFileReference section */

/* Begin PBXFrameworksBuildPhase section */
		D6AD16E6280E3D1800EBD76C /* Frameworks */ = {
			isa = PBXFrameworksBuildPhase;
			buildActionMask = 2147483647;
			files = (
			);
			runOnlyForDeploymentPostprocessing = 0;
		};
/* End PBXFrameworksBuildPhase section */

/* Begin PBXGroup section */
		D6AD16E0280E3D1800EBD76C = {
			isa = PBXGroup;
			children = (
				D6AD16EB280E3D1800EBD76C /* objectDetection */,
				D6AD16EA280E3D1800EBD76C /* Products */,
			);
			sourceTree = "<group>";
		};
		D6AD16EA280E3D1800EBD76C /* Products */ = {
			isa = PBXGroup;
			children = (
				D6AD16E9280E3D1800EBD76C /* objectDetection.app */,
			);
			name = Products;
			sourceTree = "<group>";
		};
		D6AD16EB280E3D1800EBD76C /* objectDetection */ = {
			isa = PBXGroup;
			children = (
				D6AD16EC280E3D1800EBD76C /* AppDelegate.swift */,
				D6AD16EE280E3D1800EBD76C /* art.scnassets */,
				D6AD16F0280E3D1800EBD76C /* ViewController.swift */,
				D6AD16F2280E3D1800EBD76C /* Main.storyboard */,
				D6AD16F5280E3D1900EBD76C /* Assets.xcassets */,
				D6AD16F7280E3D1900EBD76C /* LaunchScreen.storyboard */,
				D6AD16FF280E3E1300EBD76C /* productInfo.sks */,
				D69BF08D2819A57C008F6633 /* gimmHallway.sks */,
				D69BF08F2819A742008F6633 /* starbucks.sks */,
				D69BF0912819A759008F6633 /* enterance_B.sks */,
				D69BF0952819A784008F6633 /* transportationSign.sks */,
				D69BF0932819A76E008F6633 /* directoryEnterance.sks */,
				D69BF0972819A79A008F6633 /* informationSign.sks */,
				D69BF0992819A9DC008F6633 /* chair.sks */,
				D66BA42B281A151600FDB08D /* kadenDesk.sks */,
				D66BA42D281A152B00FDB08D /* kadenBed.sks */,
			);
			path = objectDetection;
			sourceTree = "<group>";
		};
/* End PBXGroup section */

/* Begin PBXNativeTarget section */
		D6AD16E8280E3D1800EBD76C /* objectDetection */ = {
			isa = PBXNativeTarget;
			buildConfigurationList = D6AD16FC280E3D1900EBD76C /* Build configuration list for PBXNativeTarget "objectDetection" */;
			buildPhases = (
				D6AD16E5280E3D1800EBD76C /* Sources */,
				D6AD16E6280E3D1800EBD76C /* Frameworks */,
				D6AD16E7280E3D1800EBD76C /* Resources */,
			);
			buildRules = (
			);
			dependencies = (
			);
			name = objectDetection;
			productName = objectDetection;
			productReference = D6AD16E9280E3D1800EBD76C /* objectDetection.app */;
			productType = "com.apple.product-type.application";
		};
/* End PBXNativeTarget section */

/* Begin PBXProject section */
		D6AD16E1280E3D1800EBD76C /* Project object */ = {
			isa = PBXProject;
			attributes = {
				BuildIndependentTargetsInParallel = 1;
				LastSwiftUpdateCheck = 1330;
				LastUpgradeCheck = 1330;
				TargetAttributes = {
					D6AD16E8280E3D1800EBD76C = {
						CreatedOnToolsVersion = 13.3.1;
					};
				};
			};
			buildConfigurationList = D6AD16E4280E3D1800EBD76C /* Build configuration list for PBXProject "objectDetection" */;
			compatibilityVersion = "Xcode 13.0";
			developmentRegion = en;
			hasScannedForEncodings = 0;
			knownRegions = (
				en,
				Base,
			);
			mainGroup = D6AD16E0280E3D1800EBD76C;
			productRefGroup = D6AD16EA280E3D1800EBD76C /* Products */;
			projectDirPath = "";
			projectRoot = "";
			targets = (
				D6AD16E8280E3D1800EBD76C /* objectDetection */,
			);
		};
/* End PBXProject section */

/* Begin PBXResourcesBuildPhase section */
		D6AD16E7280E3D1800EBD76C /* Resources */ = {
			isa = PBXResourcesBuildPhase;
			buildActionMask = 2147483647;
			files = (
				D69BF08E2819A57C008F6633 /* gimmHallway.sks in Resources */,
				D69BF0982819A79A008F6633 /* informationSign.sks in Resources */,
				D69BF09A2819A9DC008F6633 /* chair.sks in Resources */,
				D6AD16EF280E3D1800EBD76C /* art.scnassets in Resources */,
				D6AD1700280E3E1300EBD76C /* productInfo.sks in Resources */,
				D6AD16F9280E3D1900EBD76C /* LaunchScreen.storyboard in Resources */,
				D66BA42C281A151700FDB08D /* kadenDesk.sks in Resources */,
				D66BA42E281A152B00FDB08D /* kadenBed.sks in Resources */,
				D69BF0962819A784008F6633 /* transportationSign.sks in Resources */,
				D69BF0922819A759008F6633 /* enterance_B.sks in Resources */,
				D69BF0942819A76E008F6633 /* directoryEnterance.sks in Resources */,
				D6AD16F6280E3D1900EBD76C /* Assets.xcassets in Resources */,
				D69BF0902819A742008F6633 /* starbucks.sks in Resources */,
				D6AD16F4280E3D1800EBD76C /* Main.storyboard in Resources */,
			);
			runOnlyForDeploymentPostprocessing = 0;
		};
/* End PBXResourcesBuildPhase section */

/* Begin PBXSourcesBuildPhase section */
		D6AD16E5280E3D1800EBD76C /* Sources */ = {
			isa = PBXSourcesBuildPhase;
			buildActionMask = 2147483647;
			files = (
				D6AD16F1280E3D1800EBD76C /* ViewController.swift in Sources */,
				D6AD16ED280E3D1800EBD76C /* AppDelegate.swift in Sources */,
			);
			runOnlyForDeploymentPostprocessing = 0;
		};
/* End PBXSourcesBuildPhase section */

/* Begin PBXVariantGroup section */
		D6AD16F2280E3D1800EBD76C /* Main.storyboard */ = {
			isa = PBXVariantGroup;
			children = (
				D6AD16F3280E3D1800EBD76C /* Base */,
			);
			name = Main.storyboard;
			sourceTree = "<group>";
		};
		D6AD16F7280E3D1900EBD76C /* LaunchScreen.storyboard */ = {
			isa = PBXVariantGroup;
			children = (
				D6AD16F8280E3D1900EBD76C /* Base */,
			);
			name = LaunchScreen.storyboard;
			sourceTree = "<group>";
		};
/* End PBXVariantGroup section */

/* Begin XCBuildConfiguration section */
		D6AD16FA280E3D1900EBD76C /* Debug */ = {
			isa = XCBuildConfiguration;
			buildSettings = {
				ALWAYS_SEARCH_USER_PATHS = NO;
				CLANG_ANALYZER_NONNULL = YES;
				CLANG_ANALYZER_NUMBER_OBJECT_CONVERSION = YES_AGGRESSIVE;
				CLANG_CXX_LANGUAGE_STANDARD = "gnu++17";
				CLANG_ENABLE_MODULES = YES;
				CLANG_ENABLE_OBJC_ARC = YES;
				CLANG_ENABLE_OBJC_WEAK = YES;
				CLANG_WARN_BLOCK_CAPTURE_AUTORELEASING = YES;
				CLANG_WARN_BOOL_CONVERSION = YES;
				CLANG_WARN_COMMA = YES;
				CLANG_WARN_CONSTANT_CONVERSION = YES;
				CLANG_WARN_DEPRECATED_OBJC_IMPLEMENTATIONS = YES;
				CLANG_WARN_DIRECT_OBJC_ISA_USAGE = YES_ERROR;
				CLANG_WARN_DOCUMENTATION_COMMENTS = YES;
				CLANG_WARN_EMPTY_BODY = YES;
				CLANG_WARN_ENUM_CONVERSION = YES;
				CLANG_WARN_INFINITE_RECURSION = YES;
				CLANG_WARN_INT_CONVERSION = YES;
				CLANG_WARN_NON_LITERAL_NULL_CONVERSION = YES;
				CLANG_WARN_OBJC_IMPLICIT_RETAIN_SELF = YES;
				CLANG_WARN_OBJC_LITERAL_CONVERSION = YES;
				CLANG_WARN_OBJC_ROOT_CLASS = YES_ERROR;
				CLANG_WARN_QUOTED_INCLUDE_IN_FRAMEWORK_HEADER = YES;
				CLANG_WARN_RANGE_LOOP_ANALYSIS = YES;
				CLANG_WARN_STRICT_PROTOTYPES = YES;
				CLANG_WARN_SUSPICIOUS_MOVE = YES;
				CLANG_WARN_UNGUARDED_AVAILABILITY = YES_AGGRESSIVE;
				CLANG_WARN_UNREACHABLE_CODE = YES;
				CLANG_WARN__DUPLICATE_METHOD_MATCH = YES;
				COPY_PHASE_STRIP = NO;
				DEBUG_INFORMATION_FORMAT = dwarf;
				ENABLE_STRICT_OBJC_MSGSEND = YES;
				ENABLE_TESTABILITY = YES;
				GCC_C_LANGUAGE_STANDARD = gnu11;
				GCC_DYNAMIC_NO_PIC = NO;
				GCC_NO_COMMON_BLOCKS = YES;
				GCC_OPTIMIZATION_LEVEL = 0;
				GCC_PREPROCESSOR_DEFINITIONS = (
					"DEBUG=1",
					"$(inherited)",
				);
				GCC_WARN_64_TO_32_BIT_CONVERSION = YES;
				GCC_WARN_ABOUT_RETURN_TYPE = YES_ERROR;
				GCC_WARN_UNDECLARED_SELECTOR = YES;
				GCC_WARN_UNINITIALIZED_AUTOS = YES_AGGRESSIVE;
				GCC_WARN_UNUSED_FUNCTION = YES;
				GCC_WARN_UNUSED_VARIABLE = YES;
				IPHONEOS_DEPLOYMENT_TARGET = 15.4;
				MTL_ENABLE_DEBUG_INFO = INCLUDE_SOURCE;
				MTL_FAST_MATH = YES;
				ONLY_ACTIVE_ARCH = YES;
				SDKROOT = iphoneos;
				SWIFT_ACTIVE_COMPILATION_CONDITIONS = DEBUG;
				SWIFT_OPTIMIZATION_LEVEL = "-Onone";
			};
			name = Debug;
		};
		D6AD16FB280E3D1900EBD76C /* Release */ = {
			isa = XCBuildConfiguration;
			buildSettings = {
				ALWAYS_SEARCH_USER_PATHS = NO;
				CLANG_ANALYZER_NONNULL = YES;
				CLANG_ANALYZER_NUMBER_OBJECT_CONVERSION = YES_AGGRESSIVE;
				CLANG_CXX_LANGUAGE_STANDARD = "gnu++17";
				CLANG_ENABLE_MODULES = YES;
				CLANG_ENABLE_OBJC_ARC = YES;
				CLANG_ENABLE_OBJC_WEAK = YES;
				CLANG_WARN_BLOCK_CAPTURE_AUTORELEASING = YES;
				CLANG_WARN_BOOL_CONVERSION = YES;
				CLANG_WARN_COMMA = YES;
				CLANG_WARN_CONSTANT_CONVERSION = YES;
				CLANG_WARN_DEPRECATED_OBJC_IMPLEMENTATIONS = YES;
				CLANG_WARN_DIRECT_OBJC_ISA_USAGE = YES_ERROR;
				CLANG_WARN_DOCUMENTATION_COMMENTS = YES;
				CLANG_WARN_EMPTY_BODY = YES;
				CLANG_WARN_ENUM_CONVERSION = YES;
				CLANG_WARN_INFINITE_RECURSION = YES;
				CLANG_WARN_INT_CONVERSION = YES;
				CLANG_WARN_NON_LITERAL_NULL_CONVERSION = YES;
				CLANG_WARN_OBJC_IMPLICIT_RETAIN_SELF = YES;
				CLANG_WARN_OBJC_LITERAL_CONVERSION = YES;
				CLANG_WARN_OBJC_ROOT_CLASS = YES_ERROR;
				CLANG_WARN_QUOTED_INCLUDE_IN_FRAMEWORK_HEADER = YES;
				CLANG_WARN_RANGE_LOOP_ANALYSIS = YES;
				CLANG_WARN_STRICT_PROTOTYPES = YES;
				CLANG_WARN_SUSPICIOUS_MOVE = YES;
				CLANG_WARN_UNGUARDED_AVAILABILITY = YES_AGGRESSIVE;
				CLANG_WARN_UNREACHABLE_CODE = YES;
				CLANG_WARN__DUPLICATE_METHOD_MATCH = YES;
				COPY_PHASE_STRIP = NO;
				DEBUG_INFORMATION_FORMAT = "dwarf-with-dsym";
				ENABLE_NS_ASSERTIONS = NO;
				ENABLE_STRICT_OBJC_MSGSEND = YES;
				GCC_C_LANGUAGE_STANDARD = gnu11;
				GCC_NO_COMMON_BLOCKS = YES;
				GCC_WARN_64_TO_32_BIT_CONVERSION = YES;
				GCC_WARN_ABOUT_RETURN_TYPE = YES_ERROR;
				GCC_WARN_UNDECLARED_SELECTOR = YES;
				GCC_WARN_UNINITIALIZED_AUTOS = YES_AGGRESSIVE;
				GCC_WARN_UNUSED_FUNCTION = YES;
				GCC_WARN_UNUSED_VARIABLE = YES;
				IPHONEOS_DEPLOYMENT_TARGET = 15.4;
				MTL_ENABLE_DEBUG_INFO = NO;
				MTL_FAST_MATH = YES;
				SDKROOT = iphoneos;
				SWIFT_COMPILATION_MODE = wholemodule;
				SWIFT_OPTIMIZATION_LEVEL = "-O";
				VALIDATE_PRODUCT = YES;
			};
			name = Release;
		};
		D6AD16FD280E3D1900EBD76C /* Debug */ = {
			isa = XCBuildConfiguration;
			buildSettings = {
				ASSETCATALOG_COMPILER_APPICON_NAME = AppIcon;
				ASSETCATALOG_COMPILER_GLOBAL_ACCENT_COLOR_NAME = AccentColor;
				CODE_SIGN_STYLE = Automatic;
				CURRENT_PROJECT_VERSION = 1;
				DEVELOPMENT_TEAM = L44747FRSG;
				GENERATE_INFOPLIST_FILE = YES;
				INFOPLIST_KEY_NSCameraUsageDescription = "";
				INFOPLIST_KEY_UIApplicationSupportsIndirectInputEvents = YES;
				INFOPLIST_KEY_UILaunchStoryboardName = LaunchScreen;
				INFOPLIST_KEY_UIMainStoryboardFile = Main;
				INFOPLIST_KEY_UIRequiredDeviceCapabilities = arkit;
				INFOPLIST_KEY_UIStatusBarHidden = YES;
				INFOPLIST_KEY_UISupportedInterfaceOrientations_iPad = "UIInterfaceOrientationPortrait UIInterfaceOrientationPortraitUpsideDown UIInterfaceOrientationLandscapeLeft UIInterfaceOrientationLandscapeRight";
				INFOPLIST_KEY_UISupportedInterfaceOrientations_iPhone = "UIInterfaceOrientationPortrait UIInterfaceOrientationLandscapeLeft UIInterfaceOrientationLandscapeRight";
				LD_RUNPATH_SEARCH_PATHS = (
					"$(inherited)",
					"@executable_path/Frameworks",
				);
				MARKETING_VERSION = 1.0;
				PRODUCT_BUNDLE_IDENTIFIER = com.kadenB.objectDetection;
				PRODUCT_NAME = "$(TARGET_NAME)";
				SWIFT_EMIT_LOC_STRINGS = YES;
				SWIFT_VERSION = 5.0;
				TARGETED_DEVICE_FAMILY = "1,2";
			};
			name = Debug;
		};
		D6AD16FE280E3D1900EBD76C /* Release */ = {
			isa = XCBuildConfiguration;
			buildSettings = {
				ASSETCATALOG_COMPILER_APPICON_NAME = AppIcon;
				ASSETCATALOG_COMPILER_GLOBAL_ACCENT_COLOR_NAME = AccentColor;
				CODE_SIGN_STYLE = Automatic;
				CURRENT_PROJECT_VERSION = 1;
				DEVELOPMENT_TEAM = L44747FRSG;
				GENERATE_INFOPLIST_FILE = YES;
				INFOPLIST_KEY_NSCameraUsageDescription = "";
				INFOPLIST_KEY_UIApplicationSupportsIndirectInputEvents = YES;
				INFOPLIST_KEY_UILaunchStoryboardName = LaunchScreen;
				INFOPLIST_KEY_UIMainStoryboardFile = Main;
				INFOPLIST_KEY_UIRequiredDeviceCapabilities = arkit;
				INFOPLIST_KEY_UIStatusBarHidden = YES;
				INFOPLIST_KEY_UISupportedInterfaceOrientations_iPad = "UIInterfaceOrientationPortrait UIInterfaceOrientationPortraitUpsideDown UIInterfaceOrientationLandscapeLeft UIInterfaceOrientationLandscapeRight";
				INFOPLIST_KEY_UISupportedInterfaceOrientations_iPhone = "UIInterfaceOrientationPortrait UIInterfaceOrientationLandscapeLeft UIInterfaceOrientationLandscapeRight";
				LD_RUNPATH_SEARCH_PATHS = (
					"$(inherited)",
					"@executable_path/Frameworks",
				);
				MARKETING_VERSION = 1.0;
				PRODUCT_BUNDLE_IDENTIFIER = com.kadenB.objectDetection;
				PRODUCT_NAME = "$(TARGET_NAME)";
				SWIFT_EMIT_LOC_STRINGS = YES;
				SWIFT_VERSION = 5.0;
				TARGETED_DEVICE_FAMILY = "1,2";
			};
			name = Release;
		};
/* End XCBuildConfiguration section */

/* Begin XCConfigurationList section */
		D6AD16E4280E3D1800EBD76C /* Build configuration list for PBXProject "objectDetection" */ = {
			isa = XCConfigurationList;
			buildConfigurations = (
				D6AD16FA280E3D1900EBD76C /* Debug */,
				D6AD16FB280E3D1900EBD76C /* Release */,
			);
			defaultConfigurationIsVisible = 0;
			defaultConfigurationName = Release;
		};
		D6AD16FC280E3D1900EBD76C /* Build configuration list for PBXNativeTarget "objectDetection" */ = {
			isa = XCConfigurationList;
			buildConfigurations = (
				D6AD16FD280E3D1900EBD76C /* Debug */,
				D6AD16FE280E3D1900EBD76C /* Release */,
			);
			defaultConfigurationIsVisible = 0;
			defaultConfigurationName = Release;
		};
/* End XCConfigurationList section */
	};
	rootObject = D6AD16E1280E3D1800EBD76C /* Project object */;
}
